
Microsoft Visual Studio Solution File, Format Version 12.00
# Visual Studio Version 17
VisualStudioVersion = 17.4.33205.214
MinimumVisualStudioVersion = 10.0.40219.1
Project("{FAE04EC0-301F-11D3-BF4B-00C04F79EFBC}") = "AccountManagingServer", "AccountManagingServer.csproj", "{468FF460-4662-4D13-8B1C-6A49B6FE7566}"
EndProject
Global
	GlobalSection(SolutionConfigurationPlatforms) = preSolution
		Debug|Any CPU = Debug|Any CPU
		Release|Any CPU = Release|Any CPU
	EndGlobalSection
	GlobalSection(ProjectConfigurationPlatforms) = postSolution
		{468FF460-4662-4D13-8B1C-6A49B6FE7566}.Debug|Any CPU.ActiveCfg = Debug|Any CPU
		{468FF460-4662-4D13-8B1C-6A49B6FE7566}.Debug|Any CPU.Build.0 = Debug|Any CPU
		{468FF460-4662-4D13-8B1C-6A49B6FE7566}.Release|Any CPU.ActiveCfg = Release|Any CPU
		{468FF460-4662-4D13-8B1C-6A49B6FE7566}.Release|Any CPU.Build.0 = Release|Any CPU
	EndGlobalSection
	GlobalSection(SolutionProperties) = preSolution
		HideSolutionNode = FALSE
	EndGlobalSection
	GlobalSection(ExtensibilityGlobals) = postSolution
		SolutionGuid = {39660481-4CB3-4A9A-B602-BBC33BB2AA6A}
	EndGlobalSection
EndGlobal
