
Microsoft Visual Studio Solution File, Format Version 12.00
# Visual Studio Version 17
VisualStudioVersion = 17.0.31903.59
MinimumVisualStudioVersion = 10.0.40219.1
Project("{FAE04EC0-301F-11D3-BF4B-00C04F79EFBC}") = "AccountManagingServer", "AccountManagingServer\AccountManagingServer.csproj", "{72739E5A-8D12-49BC-8E4F-8A67B10404BD}"
EndProject
Project("{FAE04EC0-301F-11D3-BF4B-00C04F79EFBC}") = "AccountWebAPI", "AccountWebAPI\AccountWebAPI.csproj", "{26C20655-9A30-410C-898F-859497CE9A80}"
EndProject
Project("{2150E333-8FDC-42A3-9474-1A3956D46DE8}") = "Элементы решения", "Элементы решения", "{9F9E29A6-43DF-40F7-8A8B-74FE89D677DE}"
	ProjectSection(SolutionItems) = preProject
		.gitignore = .gitignore
	EndProjectSection
EndProject
Global
	GlobalSection(SolutionConfigurationPlatforms) = preSolution
		Debug|Any CPU = Debug|Any CPU
		Release|Any CPU = Release|Any CPU
	EndGlobalSection
	GlobalSection(ProjectConfigurationPlatforms) = postSolution
		{72739E5A-8D12-49BC-8E4F-8A67B10404BD}.Debug|Any CPU.ActiveCfg = Debug|Any CPU
		{72739E5A-8D12-49BC-8E4F-8A67B10404BD}.Debug|Any CPU.Build.0 = Debug|Any CPU
		{72739E5A-8D12-49BC-8E4F-8A67B10404BD}.Release|Any CPU.ActiveCfg = Release|Any CPU
		{72739E5A-8D12-49BC-8E4F-8A67B10404BD}.Release|Any CPU.Build.0 = Release|Any CPU
		{26C20655-9A30-410C-898F-859497CE9A80}.Debug|Any CPU.ActiveCfg = Debug|Any CPU
		{26C20655-9A30-410C-898F-859497CE9A80}.Debug|Any CPU.Build.0 = Debug|Any CPU
		{26C20655-9A30-410C-898F-859497CE9A80}.Release|Any CPU.ActiveCfg = Release|Any CPU
		{26C20655-9A30-410C-898F-859497CE9A80}.Release|Any CPU.Build.0 = Release|Any CPU
	EndGlobalSection
	GlobalSection(SolutionProperties) = preSolution
		HideSolutionNode = FALSE
	EndGlobalSection
EndGlobal
